
Microsoft Visual Studio Solution File, Format Version 12.00
Project("{FAE04EC0-301F-11D3-BF4B-00C04F79EFBC}") = "FibonacciCore", "FibonacciCore\FibonacciCore.csproj", "{3530CB30-49EA-426F-91E1-509B3ECFC7B8}"
EndProject
Global
	GlobalSection(SolutionConfigurationPlatforms) = preSolution
		Debug|Any CPU = Debug|Any CPU
		Release|Any CPU = Release|Any CPU
	EndGlobalSection
	GlobalSection(ProjectConfigurationPlatforms) = postSolution
		{3530CB30-49EA-426F-91E1-509B3ECFC7B8}.Debug|Any CPU.ActiveCfg = Debug|Any CPU
		{3530CB30-49EA-426F-91E1-509B3ECFC7B8}.Debug|Any CPU.Build.0 = Debug|Any CPU
		{3530CB30-49EA-426F-91E1-509B3ECFC7B8}.Release|Any CPU.ActiveCfg = Release|Any CPU
		{3530CB30-49EA-426F-91E1-509B3ECFC7B8}.Release|Any CPU.Build.0 = Release|Any CPU
	EndGlobalSection
EndGlobal
