
Microsoft Visual Studio Solution File, Format Version 12.00
Project("{FAE04EC0-301F-11D3-BF4B-00C04F79EFBC}") = "FibonacciCore", "FibonacciCore\FibonacciCore.csproj", "{3530CB30-49EA-426F-91E1-509B3ECFC7B8}"
EndProject
Project("{2150E333-8FDC-42A3-9474-1A3956D46DE8}") = "Benchmarks", "Benchmarks", "{DD8C3827-7CC9-44C2-BAD0-2AA8BDF4FC6C}"
EndProject
Project("{FAE04EC0-301F-11D3-BF4B-00C04F79EFBC}") = "FibSeqMicroBench", "Benchmarks\FibSeqMicroBench\FibSeqMicroBench.csproj", "{ABB8DA75-67D7-47C9-9A4C-72DBC9070F0E}"
EndProject
Global
	GlobalSection(SolutionConfigurationPlatforms) = preSolution
		Debug|Any CPU = Debug|Any CPU
		Release|Any CPU = Release|Any CPU
	EndGlobalSection
	GlobalSection(ProjectConfigurationPlatforms) = postSolution
		{3530CB30-49EA-426F-91E1-509B3ECFC7B8}.Debug|Any CPU.ActiveCfg = Debug|Any CPU
		{3530CB30-49EA-426F-91E1-509B3ECFC7B8}.Debug|Any CPU.Build.0 = Debug|Any CPU
		{3530CB30-49EA-426F-91E1-509B3ECFC7B8}.Release|Any CPU.ActiveCfg = Release|Any CPU
		{3530CB30-49EA-426F-91E1-509B3ECFC7B8}.Release|Any CPU.Build.0 = Release|Any CPU
		{ABB8DA75-67D7-47C9-9A4C-72DBC9070F0E}.Debug|Any CPU.ActiveCfg = Debug|Any CPU
		{ABB8DA75-67D7-47C9-9A4C-72DBC9070F0E}.Debug|Any CPU.Build.0 = Debug|Any CPU
		{ABB8DA75-67D7-47C9-9A4C-72DBC9070F0E}.Release|Any CPU.ActiveCfg = Release|Any CPU
		{ABB8DA75-67D7-47C9-9A4C-72DBC9070F0E}.Release|Any CPU.Build.0 = Release|Any CPU
	EndGlobalSection
	GlobalSection(NestedProjects) = preSolution
		{ABB8DA75-67D7-47C9-9A4C-72DBC9070F0E} = {DD8C3827-7CC9-44C2-BAD0-2AA8BDF4FC6C}
	EndGlobalSection
EndGlobal
